
Microsoft Visual Studio Solution File, Format Version 12.00
# Visual Studio Version 16
VisualStudioVersion = 16.0.810.23
MinimumVisualStudioVersion = 10.0.40219.1
Project("{FAE04EC0-301F-11D3-BF4B-00C04F79EFBC}") = "DotNetDDS", "DotNetDDS.csproj", "{50ACD6AE-4139-4AB9-AAB2-13AF3F36C1B9}"
EndProject
Global
	GlobalSection(SolutionConfigurationPlatforms) = preSolution
		Debug|Any CPU = Debug|Any CPU
		Release|Any CPU = Release|Any CPU
	EndGlobalSection
	GlobalSection(ProjectConfigurationPlatforms) = postSolution
		{50ACD6AE-4139-4AB9-AAB2-13AF3F36C1B9}.Debug|Any CPU.ActiveCfg = Debug|Any CPU
		{50ACD6AE-4139-4AB9-AAB2-13AF3F36C1B9}.Debug|Any CPU.Build.0 = Debug|Any CPU
		{50ACD6AE-4139-4AB9-AAB2-13AF3F36C1B9}.Release|Any CPU.ActiveCfg = Release|Any CPU
		{50ACD6AE-4139-4AB9-AAB2-13AF3F36C1B9}.Release|Any CPU.Build.0 = Release|Any CPU
	EndGlobalSection
	GlobalSection(SolutionProperties) = preSolution
		HideSolutionNode = FALSE
	EndGlobalSection
	GlobalSection(ExtensibilityGlobals) = postSolution
		SolutionGuid = {730319E3-8D26-4E9E-89F8-41DC8D2765B9}
	EndGlobalSection
EndGlobal
